
Microsoft Visual Studio Solution File, Format Version 12.00
# Visual Studio Version 17
VisualStudioVersion = 17.9.34723.18
MinimumVisualStudioVersion = 10.0.40219.1
Project("{FAE04EC0-301F-11D3-BF4B-00C04F79EFBC}") = "Working with streams", "Working with streams.csproj", "{D754A1F1-24D4-4B2C-8572-EAD9B7AD8AD4}"
EndProject
Global
	GlobalSection(SolutionConfigurationPlatforms) = preSolution
		Debug|Any CPU = Debug|Any CPU
		Release|Any CPU = Release|Any CPU
	EndGlobalSection
	GlobalSection(ProjectConfigurationPlatforms) = postSolution
		{D754A1F1-24D4-4B2C-8572-EAD9B7AD8AD4}.Debug|Any CPU.ActiveCfg = Debug|Any CPU
		{D754A1F1-24D4-4B2C-8572-EAD9B7AD8AD4}.Debug|Any CPU.Build.0 = Debug|Any CPU
		{D754A1F1-24D4-4B2C-8572-EAD9B7AD8AD4}.Release|Any CPU.ActiveCfg = Release|Any CPU
		{D754A1F1-24D4-4B2C-8572-EAD9B7AD8AD4}.Release|Any CPU.Build.0 = Release|Any CPU
	EndGlobalSection
	GlobalSection(SolutionProperties) = preSolution
		HideSolutionNode = FALSE
	EndGlobalSection
	GlobalSection(ExtensibilityGlobals) = postSolution
		SolutionGuid = {04509F1D-56F8-4264-A6FB-02D9D9962818}
	EndGlobalSection
EndGlobal
